// !$*UTF8*$!
{
	archiveVersion = 1;
	classes = {
	};
	objectVersion = 46;
	objects = {

/* Begin PBXBuildFile section */
		E07DCC941933EF9A00BEC5EF /* Foundation.framework in Frameworks */ = {isa = PBXBuildFile; fileRef = E07DCC931933EF9A00BEC5EF /* Foundation.framework */; };
		E07DCC961933EF9A00BEC5EF /* CoreGraphics.framework in Frameworks */ = {isa = PBXBuildFile; fileRef = E07DCC951933EF9A00BEC5EF /* CoreGraphics.framework */; };
		E07DCC981933EF9A00BEC5EF /* UIKit.framework in Frameworks */ = {isa = PBXBuildFile; fileRef = E07DCC971933EF9A00BEC5EF /* UIKit.framework */; };
		E07DCC9A1933EF9A00BEC5EF /* SpriteKit.framework in Frameworks */ = {isa = PBXBuildFile; fileRef = E07DCC991933EF9A00BEC5EF /* SpriteKit.framework */; };
		E07DCCA01933EF9A00BEC5EF /* InfoPlist.strings in Resources */ = {isa = PBXBuildFile; fileRef = E07DCC9E1933EF9A00BEC5EF /* InfoPlist.strings */; };
		E07DCCA21933EF9A00BEC5EF /* main.m in Sources */ = {isa = PBXBuildFile; fileRef = E07DCCA11933EF9A00BEC5EF /* main.m */; };
		E07DCCA61933EF9A00BEC5EF /* AppDelegate.m in Sources */ = {isa = PBXBuildFile; fileRef = E07DCCA51933EF9A00BEC5EF /* AppDelegate.m */; };
		E07DCCA91933EF9A00BEC5EF /* Main_iPhone.storyboard in Resources */ = {isa = PBXBuildFile; fileRef = E07DCCA71933EF9A00BEC5EF /* Main_iPhone.storyboard */; };
		E07DCCAC1933EF9A00BEC5EF /* Main_iPad.storyboard in Resources */ = {isa = PBXBuildFile; fileRef = E07DCCAA1933EF9A00BEC5EF /* Main_iPad.storyboard */; };
		E07DCCAF1933EF9A00BEC5EF /* ViewController.m in Sources */ = {isa = PBXBuildFile; fileRef = E07DCCAE1933EF9A00BEC5EF /* ViewController.m */; };
		E07DCCB21933EF9A00BEC5EF /* MyScene.m in Sources */ = {isa = PBXBuildFile; fileRef = E07DCCB11933EF9A00BEC5EF /* MyScene.m */; };
		E07DCCB61933EF9A00BEC5EF /* Images.xcassets in Resources */ = {isa = PBXBuildFile; fileRef = E07DCCB51933EF9A00BEC5EF /* Images.xcassets */; };
		E07DCCBD1933EF9A00BEC5EF /* XCTest.framework in Frameworks */ = {isa = PBXBuildFile; fileRef = E07DCCBC1933EF9A00BEC5EF /* XCTest.framework */; };
		E07DCCBE1933EF9A00BEC5EF /* Foundation.framework in Frameworks */ = {isa = PBXBuildFile; fileRef = E07DCC931933EF9A00BEC5EF /* Foundation.framework */; };
		E07DCCBF1933EF9A00BEC5EF /* UIKit.framework in Frameworks */ = {isa = PBXBuildFile; fileRef = E07DCC971933EF9A00BEC5EF /* UIKit.framework */; };
		E07DCCC71933EF9A00BEC5EF /* InfoPlist.strings in Resources */ = {isa = PBXBuildFile; fileRef = E07DCCC51933EF9A00BEC5EF /* InfoPlist.strings */; };
		E07DCCC91933EF9A00BEC5EF /* FeedTests.m in Sources */ = {isa = PBXBuildFile; fileRef = E07DCCC81933EF9A00BEC5EF /* FeedTests.m */; };
		E07DCCD31933EFDA00BEC5EF /* feed.atlas in Resources */ = {isa = PBXBuildFile; fileRef = E07DCCD21933EFDA00BEC5EF /* feed.atlas */; };
/* End PBXBuildFile section */

/* Begin PBXContainerItemProxy section */
		E07DCCC01933EF9A00BEC5EF /* PBXContainerItemProxy */ = {
			isa = PBXContainerItemProxy;
			containerPortal = E07DCC881933EF9A00BEC5EF /* Project object */;
			proxyType = 1;
			remoteGlobalIDString = E07DCC8F1933EF9A00BEC5EF;
			remoteInfo = Feed;
		};
/* End PBXContainerItemProxy section */

/* Begin PBXFileReference section */
		E07DCC901933EF9A00BEC5EF /* Feed.app */ = {isa = PBXFileReference; explicitFileType = wrapper.application; includeInIndex = 0; path = Feed.app; sourceTree = BUILT_PRODUCTS_DIR; };
		E07DCC931933EF9A00BEC5EF /* Foundation.framework */ = {isa = PBXFileReference; lastKnownFileType = wrapper.framework; name = Foundation.framework; path = System/Library/Frameworks/Foundation.framework; sourceTree = SDKROOT; };
		E07DCC951933EF9A00BEC5EF /* CoreGraphics.framework */ = {isa = PBXFileReference; lastKnownFileType = wrapper.framework; name = CoreGraphics.framework; path = System/Library/Frameworks/CoreGraphics.framework; sourceTree = SDKROOT; };
		E07DCC971933EF9A00BEC5EF /* UIKit.framework */ = {isa = PBXFileReference; lastKnownFileType = wrapper.framework; name = UIKit.framework; path = System/Library/Frameworks/UIKit.framework; sourceTree = SDKROOT; };
		E07DCC991933EF9A00BEC5EF /* SpriteKit.framework */ = {isa = PBXFileReference; lastKnownFileType = wrapper.framework; name = SpriteKit.framework; path = System/Library/Frameworks/SpriteKit.framework; sourceTree = SDKROOT; };
		E07DCC9D1933EF9A00BEC5EF /* Feed-Info.plist */ = {isa = PBXFileReference; lastKnownFileType = text.plist.xml; path = "Feed-Info.plist"; sourceTree = "<group>"; };
		E07DCC9F1933EF9A00BEC5EF /* en */ = {isa = PBXFileReference; lastKnownFileType = text.plist.strings; name = en; path = en.lproj/InfoPlist.strings; sourceTree = "<group>"; };
		E07DCCA11933EF9A00BEC5EF /* main.m */ = {isa = PBXFileReference; lastKnownFileType = sourcecode.c.objc; path = main.m; sourceTree = "<group>"; };
		E07DCCA31933EF9A00BEC5EF /* Feed-Prefix.pch */ = {isa = PBXFileReference; lastKnownFileType = sourcecode.c.h; path = "Feed-Prefix.pch"; sourceTree = "<group>"; };
		E07DCCA41933EF9A00BEC5EF /* AppDelegate.h */ = {isa = PBXFileReference; lastKnownFileType = sourcecode.c.h; path = AppDelegate.h; sourceTree = "<group>"; };
		E07DCCA51933EF9A00BEC5EF /* AppDelegate.m */ = {isa = PBXFileReference; lastKnownFileType = sourcecode.c.objc; path = AppDelegate.m; sourceTree = "<group>"; };
		E07DCCA81933EF9A00BEC5EF /* Base */ = {isa = PBXFileReference; lastKnownFileType = file.storyboard; name = Base; path = Base.lproj/Main_iPhone.storyboard; sourceTree = "<group>"; };
		E07DCCAB1933EF9A00BEC5EF /* Base */ = {isa = PBXFileReference; lastKnownFileType = file.storyboard; name = Base; path = Base.lproj/Main_iPad.storyboard; sourceTree = "<group>"; };
		E07DCCAD1933EF9A00BEC5EF /* ViewController.h */ = {isa = PBXFileReference; lastKnownFileType = sourcecode.c.h; path = ViewController.h; sourceTree = "<group>"; };
		E07DCCAE1933EF9A00BEC5EF /* ViewController.m */ = {isa = PBXFileReference; lastKnownFileType = sourcecode.c.objc; path = ViewController.m; sourceTree = "<group>"; };
		E07DCCB01933EF9A00BEC5EF /* MyScene.h */ = {isa = PBXFileReference; lastKnownFileType = sourcecode.c.h; path = MyScene.h; sourceTree = "<group>"; };
		E07DCCB11933EF9A00BEC5EF /* MyScene.m */ = {isa = PBXFileReference; lastKnownFileType = sourcecode.c.objc; path = MyScene.m; sourceTree = "<group>"; };
		E07DCCB51933EF9A00BEC5EF /* Images.xcassets */ = {isa = PBXFileReference; lastKnownFileType = folder.assetcatalog; path = Images.xcassets; sourceTree = "<group>"; };
		E07DCCBB1933EF9A00BEC5EF /* FeedTests.xctest */ = {isa = PBXFileReference; explicitFileType = wrapper.cfbundle; includeInIndex = 0; path = FeedTests.xctest; sourceTree = BUILT_PRODUCTS_DIR; };
		E07DCCBC1933EF9A00BEC5EF /* XCTest.framework */ = {isa = PBXFileReference; lastKnownFileType = wrapper.framework; name = XCTest.framework; path = Library/Frameworks/XCTest.framework; sourceTree = DEVELOPER_DIR; };
		E07DCCC41933EF9A00BEC5EF /* FeedTests-Info.plist */ = {isa = PBXFileReference; lastKnownFileType = text.plist.xml; path = "FeedTests-Info.plist"; sourceTree = "<group>"; };
		E07DCCC61933EF9A00BEC5EF /* en */ = {isa = PBXFileReference; lastKnownFileType = text.plist.strings; name = en; path = en.lproj/InfoPlist.strings; sourceTree = "<group>"; };
		E07DCCC81933EF9A00BEC5EF /* FeedTests.m */ = {isa = PBXFileReference; lastKnownFileType = sourcecode.c.objc; path = FeedTests.m; sourceTree = "<group>"; };
		E07DCCD21933EFDA00BEC5EF /* feed.atlas */ = {isa = PBXFileReference; lastKnownFileType = folder.skatlas; path = feed.atlas; sourceTree = "<group>"; };
		E07DCCD7193429F800BEC5EF /* SKHelper.h */ = {isa = PBXFileReference; fileEncoding = 4; lastKnownFileType = sourcecode.c.h; path = SKHelper.h; sourceTree = "<group>"; };
/* End PBXFileReference section */

/* Begin PBXFrameworksBuildPhase section */
		E07DCC8D1933EF9A00BEC5EF /* Frameworks */ = {
			isa = PBXFrameworksBuildPhase;
			buildActionMask = 2147483647;
			files = (
				E07DCC961933EF9A00BEC5EF /* CoreGraphics.framework in Frameworks */,
				E07DCC981933EF9A00BEC5EF /* UIKit.framework in Frameworks */,
				E07DCC9A1933EF9A00BEC5EF /* SpriteKit.framework in Frameworks */,
				E07DCC941933EF9A00BEC5EF /* Foundation.framework in Frameworks */,
			);
			runOnlyForDeploymentPostprocessing = 0;
		};
		E07DCCB81933EF9A00BEC5EF /* Frameworks */ = {
			isa = PBXFrameworksBuildPhase;
			buildActionMask = 2147483647;
			files = (
				E07DCCBD1933EF9A00BEC5EF /* XCTest.framework in Frameworks */,
				E07DCCBF1933EF9A00BEC5EF /* UIKit.framework in Frameworks */,
				E07DCCBE1933EF9A00BEC5EF /* Foundation.framework in Frameworks */,
			);
			runOnlyForDeploymentPostprocessing = 0;
		};
/* End PBXFrameworksBuildPhase section */

/* Begin PBXGroup section */
		E07DCC871933EF9A00BEC5EF = {
			isa = PBXGroup;
			children = (
				E07DCC9B1933EF9A00BEC5EF /* Feed */,
				E07DCCC21933EF9A00BEC5EF /* FeedTests */,
				E07DCC921933EF9A00BEC5EF /* Frameworks */,
				E07DCC911933EF9A00BEC5EF /* Products */,
			);
			sourceTree = "<group>";
		};
		E07DCC911933EF9A00BEC5EF /* Products */ = {
			isa = PBXGroup;
			children = (
				E07DCC901933EF9A00BEC5EF /* Feed.app */,
				E07DCCBB1933EF9A00BEC5EF /* FeedTests.xctest */,
			);
			name = Products;
			sourceTree = "<group>";
		};
		E07DCC921933EF9A00BEC5EF /* Frameworks */ = {
			isa = PBXGroup;
			children = (
				E07DCC931933EF9A00BEC5EF /* Foundation.framework */,
				E07DCC951933EF9A00BEC5EF /* CoreGraphics.framework */,
				E07DCC971933EF9A00BEC5EF /* UIKit.framework */,
				E07DCC991933EF9A00BEC5EF /* SpriteKit.framework */,
				E07DCCBC1933EF9A00BEC5EF /* XCTest.framework */,
			);
			name = Frameworks;
			sourceTree = "<group>";
		};
		E07DCC9B1933EF9A00BEC5EF /* Feed */ = {
			isa = PBXGroup;
			children = (
				E07DCCA41933EF9A00BEC5EF /* AppDelegate.h */,
				E07DCCA51933EF9A00BEC5EF /* AppDelegate.m */,
				E07DCCA71933EF9A00BEC5EF /* Main_iPhone.storyboard */,
				E07DCCAA1933EF9A00BEC5EF /* Main_iPad.storyboard */,
				E07DCCAD1933EF9A00BEC5EF /* ViewController.h */,
				E07DCCAE1933EF9A00BEC5EF /* ViewController.m */,
				E07DCCB01933EF9A00BEC5EF /* MyScene.h */,
				E07DCCB11933EF9A00BEC5EF /* MyScene.m */,
				E07DCCD7193429F800BEC5EF /* SKHelper.h */,
				E07DCCD21933EFDA00BEC5EF /* feed.atlas */,
				E07DCCB51933EF9A00BEC5EF /* Images.xcassets */,
				E07DCC9C1933EF9A00BEC5EF /* Supporting Files */,
			);
			path = Feed;
			sourceTree = "<group>";
		};
		E07DCC9C1933EF9A00BEC5EF /* Supporting Files */ = {
			isa = PBXGroup;
			children = (
				E07DCC9D1933EF9A00BEC5EF /* Feed-Info.plist */,
				E07DCC9E1933EF9A00BEC5EF /* InfoPlist.strings */,
				E07DCCA11933EF9A00BEC5EF /* main.m */,
				E07DCCA31933EF9A00BEC5EF /* Feed-Prefix.pch */,
			);
			name = "Supporting Files";
			sourceTree = "<group>";
		};
		E07DCCC21933EF9A00BEC5EF /* FeedTests */ = {
			isa = PBXGroup;
			children = (
				E07DCCC81933EF9A00BEC5EF /* FeedTests.m */,
				E07DCCC31933EF9A00BEC5EF /* Supporting Files */,
			);
			path = FeedTests;
			sourceTree = "<group>";
		};
		E07DCCC31933EF9A00BEC5EF /* Supporting Files */ = {
			isa = PBXGroup;
			children = (
				E07DCCC41933EF9A00BEC5EF /* FeedTests-Info.plist */,
				E07DCCC51933EF9A00BEC5EF /* InfoPlist.strings */,
			);
			name = "Supporting Files";
			sourceTree = "<group>";
		};
/* End PBXGroup section */

/* Begin PBXNativeTarget section */
		E07DCC8F1933EF9A00BEC5EF /* Feed */ = {
			isa = PBXNativeTarget;
			buildConfigurationList = E07DCCCC1933EF9A00BEC5EF /* Build configuration list for PBXNativeTarget "Feed" */;
			buildPhases = (
				E07DCC8C1933EF9A00BEC5EF /* Sources */,
				E07DCC8D1933EF9A00BEC5EF /* Frameworks */,
				E07DCC8E1933EF9A00BEC5EF /* Resources */,
			);
			buildRules = (
			);
			dependencies = (
			);
			name = Feed;
			productName = Feed;
			productReference = E07DCC901933EF9A00BEC5EF /* Feed.app */;
			productType = "com.apple.product-type.application";
		};
		E07DCCBA1933EF9A00BEC5EF /* FeedTests */ = {
			isa = PBXNativeTarget;
			buildConfigurationList = E07DCCCF1933EF9A00BEC5EF /* Build configuration list for PBXNativeTarget "FeedTests" */;
			buildPhases = (
				E07DCCB71933EF9A00BEC5EF /* Sources */,
				E07DCCB81933EF9A00BEC5EF /* Frameworks */,
				E07DCCB91933EF9A00BEC5EF /* Resources */,
			);
			buildRules = (
			);
			dependencies = (
				E07DCCC11933EF9A00BEC5EF /* PBXTargetDependency */,
			);
			name = FeedTests;
			productName = FeedTests;
			productReference = E07DCCBB1933EF9A00BEC5EF /* FeedTests.xctest */;
			productType = "com.apple.product-type.bundle.unit-test";
		};
/* End PBXNativeTarget section */

/* Begin PBXProject section */
		E07DCC881933EF9A00BEC5EF /* Project object */ = {
			isa = PBXProject;
			attributes = {
				LastUpgradeCheck = 0510;
				ORGANIZATIONNAME = Saturnboy;
				TargetAttributes = {
					E07DCCBA1933EF9A00BEC5EF = {
						TestTargetID = E07DCC8F1933EF9A00BEC5EF;
					};
				};
			};
			buildConfigurationList = E07DCC8B1933EF9A00BEC5EF /* Build configuration list for PBXProject "Feed" */;
			compatibilityVersion = "Xcode 3.2";
			developmentRegion = English;
			hasScannedForEncodings = 0;
			knownRegions = (
				en,
				Base,
			);
			mainGroup = E07DCC871933EF9A00BEC5EF;
			productRefGroup = E07DCC911933EF9A00BEC5EF /* Products */;
			projectDirPath = "";
			projectRoot = "";
			targets = (
				E07DCC8F1933EF9A00BEC5EF /* Feed */,
				E07DCCBA1933EF9A00BEC5EF /* FeedTests */,
			);
		};
/* End PBXProject section */

/* Begin PBXResourcesBuildPhase section */
		E07DCC8E1933EF9A00BEC5EF /* Resources */ = {
			isa = PBXResourcesBuildPhase;
			buildActionMask = 2147483647;
			files = (
				E07DCCB61933EF9A00BEC5EF /* Images.xcassets in Resources */,
				E07DCCAC1933EF9A00BEC5EF /* Main_iPad.storyboard in Resources */,
				E07DCCD31933EFDA00BEC5EF /* feed.atlas in Resources */,
				E07DCCA91933EF9A00BEC5EF /* Main_iPhone.storyboard in Resources */,
				E07DCCA01933EF9A00BEC5EF /* InfoPlist.strings in Resources */,
			);
			runOnlyForDeploymentPostprocessing = 0;
		};
		E07DCCB91933EF9A00BEC5EF /* Resources */ = {
			isa = PBXResourcesBuildPhase;
			buildActionMask = 2147483647;
			files = (
				E07DCCC71933EF9A00BEC5EF /* InfoPlist.strings in Resources */,
			);
			runOnlyForDeploymentPostprocessing = 0;
		};
/* End PBXResourcesBuildPhase section */

/* Begin PBXSourcesBuildPhase section */
		E07DCC8C1933EF9A00BEC5EF /* Sources */ = {
			isa = PBXSourcesBuildPhase;
			buildActionMask = 2147483647;
			files = (
				E07DCCB21933EF9A00BEC5EF /* MyScene.m in Sources */,
				E07DCCAF1933EF9A00BEC5EF /* ViewController.m in Sources */,
				E07DCCA61933EF9A00BEC5EF /* AppDelegate.m in Sources */,
				E07DCCA21933EF9A00BEC5EF /* main.m in Sources */,
			);
			runOnlyForDeploymentPostprocessing = 0;
		};
		E07DCCB71933EF9A00BEC5EF /* Sources */ = {
			isa = PBXSourcesBuildPhase;
			buildActionMask = 2147483647;
			files = (
				E07DCCC91933EF9A00BEC5EF /* FeedTests.m in Sources */,
			);
			runOnlyForDeploymentPostprocessing = 0;
		};
/* End PBXSourcesBuildPhase section */

/* Begin PBXTargetDependency section */
		E07DCCC11933EF9A00BEC5EF /* PBXTargetDependency */ = {
			isa = PBXTargetDependency;
			target = E07DCC8F1933EF9A00BEC5EF /* Feed */;
			targetProxy = E07DCCC01933EF9A00BEC5EF /* PBXContainerItemProxy */;
		};
/* End PBXTargetDependency section */

/* Begin PBXVariantGroup section */
		E07DCC9E1933EF9A00BEC5EF /* InfoPlist.strings */ = {
			isa = PBXVariantGroup;
			children = (
				E07DCC9F1933EF9A00BEC5EF /* en */,
			);
			name = InfoPlist.strings;
			sourceTree = "<group>";
		};
		E07DCCA71933EF9A00BEC5EF /* Main_iPhone.storyboard */ = {
			isa = PBXVariantGroup;
			children = (
				E07DCCA81933EF9A00BEC5EF /* Base */,
			);
			name = Main_iPhone.storyboard;
			sourceTree = "<group>";
		};
		E07DCCAA1933EF9A00BEC5EF /* Main_iPad.storyboard */ = {
			isa = PBXVariantGroup;
			children = (
				E07DCCAB1933EF9A00BEC5EF /* Base */,
			);
			name = Main_iPad.storyboard;
			sourceTree = "<group>";
		};
		E07DCCC51933EF9A00BEC5EF /* InfoPlist.strings */ = {
			isa = PBXVariantGroup;
			children = (
				E07DCCC61933EF9A00BEC5EF /* en */,
			);
			name = InfoPlist.strings;
			sourceTree = "<group>";
		};
/* End PBXVariantGroup section */

/* Begin XCBuildConfiguration section */
		E07DCCCA1933EF9A00BEC5EF /* Debug */ = {
			isa = XCBuildConfiguration;
			buildSettings = {
				ALWAYS_SEARCH_USER_PATHS = NO;
				CLANG_CXX_LANGUAGE_STANDARD = "gnu++0x";
				CLANG_CXX_LIBRARY = "libc++";
				CLANG_ENABLE_MODULES = YES;
				CLANG_ENABLE_OBJC_ARC = YES;
				CLANG_WARN_BOOL_CONVERSION = YES;
				CLANG_WARN_CONSTANT_CONVERSION = YES;
				CLANG_WARN_DIRECT_OBJC_ISA_USAGE = YES_ERROR;
				CLANG_WARN_EMPTY_BODY = YES;
				CLANG_WARN_ENUM_CONVERSION = YES;
				CLANG_WARN_INT_CONVERSION = YES;
				CLANG_WARN_OBJC_ROOT_CLASS = YES_ERROR;
				CLANG_WARN__DUPLICATE_METHOD_MATCH = YES;
				"CODE_SIGN_IDENTITY[sdk=iphoneos*]" = "iPhone Developer";
				COPY_PHASE_STRIP = NO;
				GCC_C_LANGUAGE_STANDARD = gnu99;
				GCC_DYNAMIC_NO_PIC = NO;
				GCC_OPTIMIZATION_LEVEL = 0;
				GCC_PREPROCESSOR_DEFINITIONS = (
					"DEBUG=1",
					"$(inherited)",
				);
				GCC_SYMBOLS_PRIVATE_EXTERN = NO;
				GCC_WARN_64_TO_32_BIT_CONVERSION = YES;
				GCC_WARN_ABOUT_RETURN_TYPE = YES_ERROR;
				GCC_WARN_UNDECLARED_SELECTOR = YES;
				GCC_WARN_UNINITIALIZED_AUTOS = YES_AGGRESSIVE;
				GCC_WARN_UNUSED_FUNCTION = YES;
				GCC_WARN_UNUSED_VARIABLE = YES;
				IPHONEOS_DEPLOYMENT_TARGET = 7.1;
				ONLY_ACTIVE_ARCH = YES;
				SDKROOT = iphoneos;
				TARGETED_DEVICE_FAMILY = "1,2";
			};
			name = Debug;
		};
		E07DCCCB1933EF9A00BEC5EF /* Release */ = {
			isa = XCBuildConfiguration;
			buildSettings = {
				ALWAYS_SEARCH_USER_PATHS = NO;
				CLANG_CXX_LANGUAGE_STANDARD = "gnu++0x";
				CLANG_CXX_LIBRARY = "libc++";
				CLANG_ENABLE_MODULES = YES;
				CLANG_ENABLE_OBJC_ARC = YES;
				CLANG_WARN_BOOL_CONVERSION = YES;
				CLANG_WARN_CONSTANT_CONVERSION = YES;
				CLANG_WARN_DIRECT_OBJC_ISA_USAGE = YES_ERROR;
				CLANG_WARN_EMPTY_BODY = YES;
				CLANG_WARN_ENUM_CONVERSION = YES;
				CLANG_WARN_INT_CONVERSION = YES;
				CLANG_WARN_OBJC_ROOT_CLASS = YES_ERROR;
				CLANG_WARN__DUPLICATE_METHOD_MATCH = YES;
				"CODE_SIGN_IDENTITY[sdk=iphoneos*]" = "iPhone Developer";
				COPY_PHASE_STRIP = YES;
				ENABLE_NS_ASSERTIONS = NO;
				GCC_C_LANGUAGE_STANDARD = gnu99;
				GCC_WARN_64_TO_32_BIT_CONVERSION = YES;
				GCC_WARN_ABOUT_RETURN_TYPE = YES_ERROR;
				GCC_WARN_UNDECLARED_SELECTOR = YES;
				GCC_WARN_UNINITIALIZED_AUTOS = YES_AGGRESSIVE;
				GCC_WARN_UNUSED_FUNCTION = YES;
				GCC_WARN_UNUSED_VARIABLE = YES;
				IPHONEOS_DEPLOYMENT_TARGET = 7.1;
				SDKROOT = iphoneos;
				TARGETED_DEVICE_FAMILY = "1,2";
				VALIDATE_PRODUCT = YES;
			};
			name = Release;
		};
		E07DCCCD1933EF9A00BEC5EF /* Debug */ = {
			isa = XCBuildConfiguration;
			buildSettings = {
				ASSETCATALOG_COMPILER_APPICON_NAME = AppIcon;
				ASSETCATALOG_COMPILER_LAUNCHIMAGE_NAME = LaunchImage;
				GCC_PRECOMPILE_PREFIX_HEADER = YES;
				GCC_PREFIX_HEADER = "Feed/Feed-Prefix.pch";
				INFOPLIST_FILE = "Feed/Feed-Info.plist";
				PRODUCT_NAME = "$(TARGET_NAME)";
				SPRITEKIT_TEXTURE_ATLAS_OUTPUT = YES;
				WRAPPER_EXTENSION = app;
			};
			name = Debug;
		};
		E07DCCCE1933EF9A00BEC5EF /* Release */ = {
			isa = XCBuildConfiguration;
			buildSettings = {
				ASSETCATALOG_COMPILER_APPICON_NAME = AppIcon;
				ASSETCATALOG_COMPILER_LAUNCHIMAGE_NAME = LaunchImage;
				GCC_PRECOMPILE_PREFIX_HEADER = YES;
				GCC_PREFIX_HEADER = "Feed/Feed-Prefix.pch";
				INFOPLIST_FILE = "Feed/Feed-Info.plist";
				PRODUCT_NAME = "$(TARGET_NAME)";
				SPRITEKIT_TEXTURE_ATLAS_OUTPUT = YES;
				WRAPPER_EXTENSION = app;
			};
			name = Release;
		};
		E07DCCD01933EF9A00BEC5EF /* Debug */ = {
			isa = XCBuildConfiguration;
			buildSettings = {
				BUNDLE_LOADER = "$(BUILT_PRODUCTS_DIR)/Feed.app/Feed";
				FRAMEWORK_SEARCH_PATHS = (
					"$(SDKROOT)/Developer/Library/Frameworks",
					"$(inherited)",
					"$(DEVELOPER_FRAMEWORKS_DIR)",
				);
				GCC_PRECOMPILE_PREFIX_HEADER = YES;
				GCC_PREFIX_HEADER = "Feed/Feed-Prefix.pch";
				GCC_PREPROCESSOR_DEFINITIONS = (
					"DEBUG=1",
					"$(inherited)",
				);
				INFOPLIST_FILE = "FeedTests/FeedTests-Info.plist";
				PRODUCT_NAME = "$(TARGET_NAME)";
				TEST_HOST = "$(BUNDLE_LOADER)";
				WRAPPER_EXTENSION = xctest;
			};
			name = Debug;
		};
		E07DCCD11933EF9A00BEC5EF /* Release */ = {
			isa = XCBuildConfiguration;
			buildSettings = {
				BUNDLE_LOADER = "$(BUILT_PRODUCTS_DIR)/Feed.app/Feed";
				FRAMEWORK_SEARCH_PATHS = (
					"$(SDKROOT)/Developer/Library/Frameworks",
					"$(inherited)",
					"$(DEVELOPER_FRAMEWORKS_DIR)",
				);
				GCC_PRECOMPILE_PREFIX_HEADER = YES;
				GCC_PREFIX_HEADER = "Feed/Feed-Prefix.pch";
				INFOPLIST_FILE = "FeedTests/FeedTests-Info.plist";
				PRODUCT_NAME = "$(TARGET_NAME)";
				TEST_HOST = "$(BUNDLE_LOADER)";
				WRAPPER_EXTENSION = xctest;
			};
			name = Release;
		};
/* End XCBuildConfiguration section */

/* Begin XCConfigurationList section */
		E07DCC8B1933EF9A00BEC5EF /* Build configuration list for PBXProject "Feed" */ = {
			isa = XCConfigurationList;
			buildConfigurations = (
				E07DCCCA1933EF9A00BEC5EF /* Debug */,
				E07DCCCB1933EF9A00BEC5EF /* Release */,
			);
			defaultConfigurationIsVisible = 0;
			defaultConfigurationName = Release;
		};
		E07DCCCC1933EF9A00BEC5EF /* Build configuration list for PBXNativeTarget "Feed" */ = {
			isa = XCConfigurationList;
			buildConfigurations = (
				E07DCCCD1933EF9A00BEC5EF /* Debug */,
				E07DCCCE1933EF9A00BEC5EF /* Release */,
			);
			defaultConfigurationIsVisible = 0;
		};
		E07DCCCF1933EF9A00BEC5EF /* Build configuration list for PBXNativeTarget "FeedTests" */ = {
			isa = XCConfigurationList;
			buildConfigurations = (
				E07DCCD01933EF9A00BEC5EF /* Debug */,
				E07DCCD11933EF9A00BEC5EF /* Release */,
			);
			defaultConfigurationIsVisible = 0;
		};
/* End XCConfigurationList section */
	};
	rootObject = E07DCC881933EF9A00BEC5EF /* Project object */;
}
